
Microsoft Visual Studio Solution File, Format Version 12.00
# Visual Studio 15
VisualStudioVersion = 15.0.26730.16
MinimumVisualStudioVersion = 10.0.40219.1
Project("{FAE04EC0-301F-11D3-BF4B-00C04F79EFBC}") = "LearningSystem.Web", "LearningSystem.Web\LearningSystem.Web.csproj", "{31DF294B-7A9C-405F-93CB-9AD92002EACE}"
EndProject
Project("{FAE04EC0-301F-11D3-BF4B-00C04F79EFBC}") = "LearningSystem.Data", "LearningSystem.Data\LearningSystem.Data.csproj", "{6992BEF9-4F87-4ADE-8D14-348411893BEA}"
EndProject
Project("{FAE04EC0-301F-11D3-BF4B-00C04F79EFBC}") = "LearningSystem.Services", "LearningSystem.Services\LearningSystem.Services.csproj", "{904B74DF-6BBE-457F-B399-434E2766B2F3}"
EndProject
Global
	GlobalSection(SolutionConfigurationPlatforms) = preSolution
		Debug|Any CPU = Debug|Any CPU
		Release|Any CPU = Release|Any CPU
	EndGlobalSection
	GlobalSection(ProjectConfigurationPlatforms) = postSolution
		{31DF294B-7A9C-405F-93CB-9AD92002EACE}.Debug|Any CPU.ActiveCfg = Debug|Any CPU
		{31DF294B-7A9C-405F-93CB-9AD92002EACE}.Debug|Any CPU.Build.0 = Debug|Any CPU
		{31DF294B-7A9C-405F-93CB-9AD92002EACE}.Release|Any CPU.ActiveCfg = Release|Any CPU
		{31DF294B-7A9C-405F-93CB-9AD92002EACE}.Release|Any CPU.Build.0 = Release|Any CPU
		{6992BEF9-4F87-4ADE-8D14-348411893BEA}.Debug|Any CPU.ActiveCfg = Debug|Any CPU
		{6992BEF9-4F87-4ADE-8D14-348411893BEA}.Debug|Any CPU.Build.0 = Debug|Any CPU
		{6992BEF9-4F87-4ADE-8D14-348411893BEA}.Release|Any CPU.ActiveCfg = Release|Any CPU
		{6992BEF9-4F87-4ADE-8D14-348411893BEA}.Release|Any CPU.Build.0 = Release|Any CPU
		{904B74DF-6BBE-457F-B399-434E2766B2F3}.Debug|Any CPU.ActiveCfg = Debug|Any CPU
		{904B74DF-6BBE-457F-B399-434E2766B2F3}.Debug|Any CPU.Build.0 = Debug|Any CPU
		{904B74DF-6BBE-457F-B399-434E2766B2F3}.Release|Any CPU.ActiveCfg = Release|Any CPU
		{904B74DF-6BBE-457F-B399-434E2766B2F3}.Release|Any CPU.Build.0 = Release|Any CPU
	EndGlobalSection
	GlobalSection(SolutionProperties) = preSolution
		HideSolutionNode = FALSE
	EndGlobalSection
	GlobalSection(ExtensibilityGlobals) = postSolution
		SolutionGuid = {8AEF7166-6EB7-431B-83A4-DC9B04DA4504}
	EndGlobalSection
EndGlobal
